status: true
dependencies:
  config:
    - views.view.who_s_online
  module:
    - views
  theme:
    - bootstrap_for_drupal
id: bootstrap_for_drupal_views_block__who_s_online_who_s_online_block
theme: bootstrap_for_drupal
region: sidebar_left
weight: -6
provider: null
plugin: 'views_block:who_s_online-who_s_online_block'
settings:
  id: 'views_block:who_s_online-who_s_online_block'
  label: ''
  provider: views
  label_display: visible
  views_label: ''
  items_per_page: none
visibility: {  }
